# THIS IS AN AUTOGENERATED FILE. DO NOT EDIT THIS FILE DIRECTLY.
# yarn lockfile v1


extract-domain@^2.2.1:
  version "2.2.1"
  resolved "https://registry.yarnpkg.com/extract-domain/-/extract-domain-2.2.1.tgz#1deeae633a5cbf05ae2fd7b3ff87cb98cbc4cb5b"
  integrity sha512-lOq1adCJha0tFFBci4quxC4XLa6+Rs2WgAwTo9qbO9OsElvJmGgCvOzmHo/yg5CiqeP4+sHjkXYGkrCcIEprMg==
